
Microsoft Visual Studio Solution File, Format Version 12.00
# Visual Studio Version 17
VisualStudioVersion = 17.2.32616.157
MinimumVisualStudioVersion = 10.0.40219.1
Project("{FAE04EC0-301F-11D3-BF4B-00C04F79EFBC}") = "Order.API", "Order.API\Order.API.csproj", "{6F8B4327-A884-468B-80DF-4946FCE71B50}"
EndProject
Global
	GlobalSection(SolutionConfigurationPlatforms) = preSolution
		Debug|Any CPU = Debug|Any CPU
		Release|Any CPU = Release|Any CPU
	EndGlobalSection
	GlobalSection(ProjectConfigurationPlatforms) = postSolution
		{6F8B4327-A884-468B-80DF-4946FCE71B50}.Debug|Any CPU.ActiveCfg = Debug|Any CPU
		{6F8B4327-A884-468B-80DF-4946FCE71B50}.Debug|Any CPU.Build.0 = Debug|Any CPU
		{6F8B4327-A884-468B-80DF-4946FCE71B50}.Release|Any CPU.ActiveCfg = Release|Any CPU
		{6F8B4327-A884-468B-80DF-4946FCE71B50}.Release|Any CPU.Build.0 = Release|Any CPU
	EndGlobalSection
	GlobalSection(SolutionProperties) = preSolution
		HideSolutionNode = FALSE
	EndGlobalSection
	GlobalSection(ExtensibilityGlobals) = postSolution
		SolutionGuid = {3B6B60C5-E2DC-4787-A7A1-072B31AA0896}
	EndGlobalSection
EndGlobal
