
Microsoft Visual Studio Solution File, Format Version 12.00
# Visual Studio Version 17
VisualStudioVersion = 17.2.32616.157
MinimumVisualStudioVersion = 10.0.40219.1
Project("{FAE04EC0-301F-11D3-BF4B-00C04F79EFBC}") = "Catalog.API", "Catalog.API\Catalog.API.csproj", "{14B77994-821D-4799-A485-B8717E614C10}"
EndProject
Global
	GlobalSection(SolutionConfigurationPlatforms) = preSolution
		Debug|Any CPU = Debug|Any CPU
		Release|Any CPU = Release|Any CPU
	EndGlobalSection
	GlobalSection(ProjectConfigurationPlatforms) = postSolution
		{14B77994-821D-4799-A485-B8717E614C10}.Debug|Any CPU.ActiveCfg = Debug|Any CPU
		{14B77994-821D-4799-A485-B8717E614C10}.Debug|Any CPU.Build.0 = Debug|Any CPU
		{14B77994-821D-4799-A485-B8717E614C10}.Release|Any CPU.ActiveCfg = Release|Any CPU
		{14B77994-821D-4799-A485-B8717E614C10}.Release|Any CPU.Build.0 = Release|Any CPU
	EndGlobalSection
	GlobalSection(SolutionProperties) = preSolution
		HideSolutionNode = FALSE
	EndGlobalSection
	GlobalSection(ExtensibilityGlobals) = postSolution
		SolutionGuid = {6479DEDB-97E2-48DC-BB65-1C78C153E91E}
	EndGlobalSection
EndGlobal
